
Microsoft Visual Studio Solution File, Format Version 12.00
# Visual Studio Version 16
VisualStudioVersion = 16.0.32602.291
MinimumVisualStudioVersion = 10.0.40219.1
Project("{9A19103F-16F7-4668-BE54-9A1E7A4F7556}") = "ConsoleApp6", "ConsoleApp6\ConsoleApp6.csproj", "{7785C177-7621-400D-96F3-388B5EFB26D5}"
EndProject
Project("{FAE04EC0-301F-11D3-BF4B-00C04F79EFBC}") = "Regex", "Regex\Regex.csproj", "{2350249A-D140-44F0-BD89-496D2F181FF3}"
EndProject
Project("{FAE04EC0-301F-11D3-BF4B-00C04F79EFBC}") = "Linq", "Linq\Linq.csproj", "{9F32CD79-680D-413B-9FD6-91B89F64642F}"
EndProject
Global
	GlobalSection(SolutionConfigurationPlatforms) = preSolution
		Debug|Any CPU = Debug|Any CPU
		Release|Any CPU = Release|Any CPU
	EndGlobalSection
	GlobalSection(ProjectConfigurationPlatforms) = postSolution
		{7785C177-7621-400D-96F3-388B5EFB26D5}.Debug|Any CPU.ActiveCfg = Debug|Any CPU
		{7785C177-7621-400D-96F3-388B5EFB26D5}.Debug|Any CPU.Build.0 = Debug|Any CPU
		{7785C177-7621-400D-96F3-388B5EFB26D5}.Release|Any CPU.ActiveCfg = Release|Any CPU
		{7785C177-7621-400D-96F3-388B5EFB26D5}.Release|Any CPU.Build.0 = Release|Any CPU
		{2350249A-D140-44F0-BD89-496D2F181FF3}.Debug|Any CPU.ActiveCfg = Debug|Any CPU
		{2350249A-D140-44F0-BD89-496D2F181FF3}.Debug|Any CPU.Build.0 = Debug|Any CPU
		{2350249A-D140-44F0-BD89-496D2F181FF3}.Release|Any CPU.ActiveCfg = Release|Any CPU
		{2350249A-D140-44F0-BD89-496D2F181FF3}.Release|Any CPU.Build.0 = Release|Any CPU
		{9F32CD79-680D-413B-9FD6-91B89F64642F}.Debug|Any CPU.ActiveCfg = Debug|Any CPU
		{9F32CD79-680D-413B-9FD6-91B89F64642F}.Debug|Any CPU.Build.0 = Debug|Any CPU
		{9F32CD79-680D-413B-9FD6-91B89F64642F}.Release|Any CPU.ActiveCfg = Release|Any CPU
		{9F32CD79-680D-413B-9FD6-91B89F64642F}.Release|Any CPU.Build.0 = Release|Any CPU
	EndGlobalSection
	GlobalSection(SolutionProperties) = preSolution
		HideSolutionNode = FALSE
	EndGlobalSection
	GlobalSection(ExtensibilityGlobals) = postSolution
		SolutionGuid = {AA6A0114-9CC3-4994-87C0-792A29045013}
	EndGlobalSection
EndGlobal
